
Microsoft Visual Studio Solution File, Format Version 12.00
# Visual Studio Version 17
VisualStudioVersion = 17.5.002.0
MinimumVisualStudioVersion = 10.0.40219.1
Project("{9A19103F-16F7-4668-BE54-9A1E7A4F7556}") = "DesafioFundamentos", "DesafioFundamentos.csproj", "{E18127FC-CAB9-4BA2-AEB5-3B76308CEE30}"
EndProject
Global
	GlobalSection(SolutionConfigurationPlatforms) = preSolution
		Debug|Any CPU = Debug|Any CPU
		Release|Any CPU = Release|Any CPU
	EndGlobalSection
	GlobalSection(ProjectConfigurationPlatforms) = postSolution
		{E18127FC-CAB9-4BA2-AEB5-3B76308CEE30}.Debug|Any CPU.ActiveCfg = Debug|Any CPU
		{E18127FC-CAB9-4BA2-AEB5-3B76308CEE30}.Debug|Any CPU.Build.0 = Debug|Any CPU
		{E18127FC-CAB9-4BA2-AEB5-3B76308CEE30}.Release|Any CPU.ActiveCfg = Release|Any CPU
		{E18127FC-CAB9-4BA2-AEB5-3B76308CEE30}.Release|Any CPU.Build.0 = Release|Any CPU
	EndGlobalSection
	GlobalSection(SolutionProperties) = preSolution
		HideSolutionNode = FALSE
	EndGlobalSection
	GlobalSection(ExtensibilityGlobals) = postSolution
		SolutionGuid = {1D40B743-D31E-4C19-AA14-672BCB9824A3}
	EndGlobalSection
EndGlobal
